
Microsoft Visual Studio Solution File, Format Version 12.00
# Visual Studio Version 17
VisualStudioVersion = 17.5.33516.290
MinimumVisualStudioVersion = 10.0.40219.1
Project("{2150E333-8FDC-42A3-9474-1A3956D46DE8}") = "core", "core", "{823503DB-175E-4C57-A55F-7B2C4290D3E0}"
EndProject
Project("{2150E333-8FDC-42A3-9474-1A3956D46DE8}") = "infrastructure", "infrastructure", "{297A0FEC-DE9D-4B8D-8F54-9FD9AD368EED}"
EndProject
Project("{2150E333-8FDC-42A3-9474-1A3956D46DE8}") = "presentation", "presentation", "{5285EC11-FDD7-474A-A576-B7476485BE40}"
EndProject
Project("{2150E333-8FDC-42A3-9474-1A3956D46DE8}") = "tests", "tests", "{4640A99C-0EBC-4EEC-A97F-3D0C84FD8CA1}"
EndProject
Project("{FAE04EC0-301F-11D3-BF4B-00C04F79EFBC}") = "stall.Domain", "stall.Domain\stall.Domain.csproj", "{95C6E3A1-B3F6-4B56-A355-D970B7BB8B8D}"
EndProject
Project("{FAE04EC0-301F-11D3-BF4B-00C04F79EFBC}") = "stall.Application", "stall.Aplication\stall.Application.csproj", "{EAC19919-8EE1-40BB-B59A-87D002DC3EA3}"
EndProject
Project("{FAE04EC0-301F-11D3-BF4B-00C04F79EFBC}") = "stall.WebApi", "stell.WebApi\stall.WebApi.csproj", "{1145DD3A-36C4-435F-A73B-B03B32C5CCAF}"
EndProject
Project("{FAE04EC0-301F-11D3-BF4B-00C04F79EFBC}") = "stall.Persistence", "stall.Persistence\stall.Persistence.csproj", "{9E650AFC-917B-4DF9-ACD1-B06146D6FE57}"
EndProject
Global
	GlobalSection(SolutionConfigurationPlatforms) = preSolution
		Debug|Any CPU = Debug|Any CPU
		Release|Any CPU = Release|Any CPU
	EndGlobalSection
	GlobalSection(ProjectConfigurationPlatforms) = postSolution
		{95C6E3A1-B3F6-4B56-A355-D970B7BB8B8D}.Debug|Any CPU.ActiveCfg = Debug|Any CPU
		{95C6E3A1-B3F6-4B56-A355-D970B7BB8B8D}.Debug|Any CPU.Build.0 = Debug|Any CPU
		{95C6E3A1-B3F6-4B56-A355-D970B7BB8B8D}.Release|Any CPU.ActiveCfg = Release|Any CPU
		{95C6E3A1-B3F6-4B56-A355-D970B7BB8B8D}.Release|Any CPU.Build.0 = Release|Any CPU
		{EAC19919-8EE1-40BB-B59A-87D002DC3EA3}.Debug|Any CPU.ActiveCfg = Debug|Any CPU
		{EAC19919-8EE1-40BB-B59A-87D002DC3EA3}.Debug|Any CPU.Build.0 = Debug|Any CPU
		{EAC19919-8EE1-40BB-B59A-87D002DC3EA3}.Release|Any CPU.ActiveCfg = Release|Any CPU
		{EAC19919-8EE1-40BB-B59A-87D002DC3EA3}.Release|Any CPU.Build.0 = Release|Any CPU
		{1145DD3A-36C4-435F-A73B-B03B32C5CCAF}.Debug|Any CPU.ActiveCfg = Debug|Any CPU
		{1145DD3A-36C4-435F-A73B-B03B32C5CCAF}.Debug|Any CPU.Build.0 = Debug|Any CPU
		{1145DD3A-36C4-435F-A73B-B03B32C5CCAF}.Release|Any CPU.ActiveCfg = Release|Any CPU
		{1145DD3A-36C4-435F-A73B-B03B32C5CCAF}.Release|Any CPU.Build.0 = Release|Any CPU
		{9E650AFC-917B-4DF9-ACD1-B06146D6FE57}.Debug|Any CPU.ActiveCfg = Debug|Any CPU
		{9E650AFC-917B-4DF9-ACD1-B06146D6FE57}.Debug|Any CPU.Build.0 = Debug|Any CPU
		{9E650AFC-917B-4DF9-ACD1-B06146D6FE57}.Release|Any CPU.ActiveCfg = Release|Any CPU
		{9E650AFC-917B-4DF9-ACD1-B06146D6FE57}.Release|Any CPU.Build.0 = Release|Any CPU
	EndGlobalSection
	GlobalSection(SolutionProperties) = preSolution
		HideSolutionNode = FALSE
	EndGlobalSection
	GlobalSection(NestedProjects) = preSolution
		{95C6E3A1-B3F6-4B56-A355-D970B7BB8B8D} = {823503DB-175E-4C57-A55F-7B2C4290D3E0}
		{EAC19919-8EE1-40BB-B59A-87D002DC3EA3} = {823503DB-175E-4C57-A55F-7B2C4290D3E0}
		{1145DD3A-36C4-435F-A73B-B03B32C5CCAF} = {5285EC11-FDD7-474A-A576-B7476485BE40}
		{9E650AFC-917B-4DF9-ACD1-B06146D6FE57} = {297A0FEC-DE9D-4B8D-8F54-9FD9AD368EED}
	EndGlobalSection
	GlobalSection(ExtensibilityGlobals) = postSolution
		SolutionGuid = {A8B7BE65-93BF-4D3F-B0D5-80A259ACAD5B}
	EndGlobalSection
EndGlobal
